
Microsoft Visual Studio Solution File, Format Version 12.00
# Visual Studio Version 17
VisualStudioVersion = 17.8.34525.116
MinimumVisualStudioVersion = 10.0.40219.1
Project("{FAE04EC0-301F-11D3-BF4B-00C04F79EFBC}") = "StoreApp", "StoreApp\StoreApp.csproj", "{FC263E03-68E3-41E1-8881-0FD4C937F460}"
EndProject
Global
	GlobalSection(SolutionConfigurationPlatforms) = preSolution
		Debug|Any CPU = Debug|Any CPU
		Release|Any CPU = Release|Any CPU
	EndGlobalSection
	GlobalSection(ProjectConfigurationPlatforms) = postSolution
		{FC263E03-68E3-41E1-8881-0FD4C937F460}.Debug|Any CPU.ActiveCfg = Debug|Any CPU
		{FC263E03-68E3-41E1-8881-0FD4C937F460}.Debug|Any CPU.Build.0 = Debug|Any CPU
		{FC263E03-68E3-41E1-8881-0FD4C937F460}.Release|Any CPU.ActiveCfg = Release|Any CPU
		{FC263E03-68E3-41E1-8881-0FD4C937F460}.Release|Any CPU.Build.0 = Release|Any CPU
	EndGlobalSection
	GlobalSection(SolutionProperties) = preSolution
		HideSolutionNode = FALSE
	EndGlobalSection
	GlobalSection(ExtensibilityGlobals) = postSolution
		SolutionGuid = {715C5F80-656A-4F2A-8D9E-78FE5DA5E4BD}
	EndGlobalSection
EndGlobal
